
Microsoft Visual Studio Solution File, Format Version 12.00
# Visual Studio 2013
VisualStudioVersion = 12.0.30723.0
MinimumVisualStudioVersion = 10.0.40219.1
Project("{FAE04EC0-301F-11D3-BF4B-00C04F79EFBC}") = "WebApiDemo", "WebApiDemo\WebApiDemo.csproj", "{FC89047E-0FC3-474D-95CD-679CA00BF01B}"
EndProject
Project("{FAE04EC0-301F-11D3-BF4B-00C04F79EFBC}") = "WebApiDemo.Tests", "WebApiDemo.Tests\WebApiDemo.Tests.csproj", "{3E40DA43-E730-44EB-8DF4-1AEC51D1129D}"
EndProject
Project("{FAE04EC0-301F-11D3-BF4B-00C04F79EFBC}") = "WebApiDemo.SelfHost", "WebApiDemo.SelfHost\WebApiDemo.SelfHost.csproj", "{7DA7FAF5-1A2D-4BCA-AEEE-E9A4820C1DAD}"
EndProject
Global
	GlobalSection(SolutionConfigurationPlatforms) = preSolution
		Debug|Any CPU = Debug|Any CPU
		Release|Any CPU = Release|Any CPU
	EndGlobalSection
	GlobalSection(ProjectConfigurationPlatforms) = postSolution
		{FC89047E-0FC3-474D-95CD-679CA00BF01B}.Debug|Any CPU.ActiveCfg = Debug|Any CPU
		{FC89047E-0FC3-474D-95CD-679CA00BF01B}.Debug|Any CPU.Build.0 = Debug|Any CPU
		{FC89047E-0FC3-474D-95CD-679CA00BF01B}.Release|Any CPU.ActiveCfg = Release|Any CPU
		{FC89047E-0FC3-474D-95CD-679CA00BF01B}.Release|Any CPU.Build.0 = Release|Any CPU
		{3E40DA43-E730-44EB-8DF4-1AEC51D1129D}.Debug|Any CPU.ActiveCfg = Debug|Any CPU
		{3E40DA43-E730-44EB-8DF4-1AEC51D1129D}.Debug|Any CPU.Build.0 = Debug|Any CPU
		{3E40DA43-E730-44EB-8DF4-1AEC51D1129D}.Release|Any CPU.ActiveCfg = Release|Any CPU
		{3E40DA43-E730-44EB-8DF4-1AEC51D1129D}.Release|Any CPU.Build.0 = Release|Any CPU
		{7DA7FAF5-1A2D-4BCA-AEEE-E9A4820C1DAD}.Debug|Any CPU.ActiveCfg = Debug|Any CPU
		{7DA7FAF5-1A2D-4BCA-AEEE-E9A4820C1DAD}.Debug|Any CPU.Build.0 = Debug|Any CPU
		{7DA7FAF5-1A2D-4BCA-AEEE-E9A4820C1DAD}.Release|Any CPU.ActiveCfg = Release|Any CPU
		{7DA7FAF5-1A2D-4BCA-AEEE-E9A4820C1DAD}.Release|Any CPU.Build.0 = Release|Any CPU
	EndGlobalSection
	GlobalSection(SolutionProperties) = preSolution
		HideSolutionNode = FALSE
	EndGlobalSection
EndGlobal
